
Microsoft Visual Studio Solution File, Format Version 12.00
# Visual Studio 15
VisualStudioVersion = 15.0.27004.2009
MinimumVisualStudioVersion = 10.0.40219.1
Project("{FAE04EC0-301F-11D3-BF4B-00C04F79EFBC}") = "KIAPI", "KIAPI\KIAPI.csproj", "{BCE38A98-A701-4157-B0F5-689220EE37B9}"
EndProject
Global
	GlobalSection(SolutionConfigurationPlatforms) = preSolution
		Debug|Any CPU = Debug|Any CPU
		Release|Any CPU = Release|Any CPU
	EndGlobalSection
	GlobalSection(ProjectConfigurationPlatforms) = postSolution
		{BCE38A98-A701-4157-B0F5-689220EE37B9}.Debug|Any CPU.ActiveCfg = Debug|Any CPU
		{BCE38A98-A701-4157-B0F5-689220EE37B9}.Debug|Any CPU.Build.0 = Debug|Any CPU
		{BCE38A98-A701-4157-B0F5-689220EE37B9}.Release|Any CPU.ActiveCfg = Release|Any CPU
		{BCE38A98-A701-4157-B0F5-689220EE37B9}.Release|Any CPU.Build.0 = Release|Any CPU
	EndGlobalSection
	GlobalSection(SolutionProperties) = preSolution
		HideSolutionNode = FALSE
	EndGlobalSection
	GlobalSection(ExtensibilityGlobals) = postSolution
		SolutionGuid = {489A06C0-2030-45EF-8336-FE3DC5D419C5}
	EndGlobalSection
EndGlobal
